
Microsoft Visual Studio Solution File, Format Version 12.00
# Visual Studio Version 17
VisualStudioVersion = 17.7.34024.191
MinimumVisualStudioVersion = 10.0.40219.1
Project("{FAE04EC0-301F-11D3-BF4B-00C04F79EFBC}") = "WeatherService", "WeatherService.csproj", "{ED59D1A1-0593-4868-A5FF-CCB714DD4A29}"
EndProject
Global
	GlobalSection(SolutionConfigurationPlatforms) = preSolution
		Debug|Any CPU = Debug|Any CPU
		Release|Any CPU = Release|Any CPU
	EndGlobalSection
	GlobalSection(ProjectConfigurationPlatforms) = postSolution
		{ED59D1A1-0593-4868-A5FF-CCB714DD4A29}.Debug|Any CPU.ActiveCfg = Debug|Any CPU
		{ED59D1A1-0593-4868-A5FF-CCB714DD4A29}.Debug|Any CPU.Build.0 = Debug|Any CPU
		{ED59D1A1-0593-4868-A5FF-CCB714DD4A29}.Release|Any CPU.ActiveCfg = Release|Any CPU
		{ED59D1A1-0593-4868-A5FF-CCB714DD4A29}.Release|Any CPU.Build.0 = Release|Any CPU
	EndGlobalSection
	GlobalSection(SolutionProperties) = preSolution
		HideSolutionNode = FALSE
	EndGlobalSection
	GlobalSection(ExtensibilityGlobals) = postSolution
		SolutionGuid = {C3A870F8-0B68-471B-A0BC-DA0143A1BB3D}
	EndGlobalSection
EndGlobal
